<Solution>
  <Project Path="Browser/Browser.csproj" />
  <Project Path="CoreManager/CoreManager.csproj" />
  <Project Path="GraphicsCore/GraphicsCore.csproj" />
  <Project Path="HTMLParser/HTMLParser.csproj" />
  <Project Path="ImGUI/ImGUI.csproj" />
  <Project Path="ObjectCore/ObjectCore.csproj" />
  <Project Path="Remora.MSDFGen/Remora.MSDFGen.csproj" />
  <Project Path="SvgLoader/SvgLoader.csproj" />
  <Project Path="TextCore/TextCore.csproj" />
  <Project Path="Units/Units.csproj" />
  <Project Path="VulkanManager/VulkanManager.csproj" />
</Solution>
