<Solution>
  <Project Path="AssetCore/AssetCore.csproj" />
  <Project Path="AtlasGeneratorCore/AtlasGeneratorCore.csproj" />
  <Project Path="Browser/Browser.csproj" />
  <Project Path="CoreManager/CoreManager.csproj" />
  <Project Path="EventCore/EventCore.csproj" />
  <Project Path="GraphicsCore/GraphicsCore.csproj" />
  <Project Path="HTMLParser/HTMLParser.csproj" />
  <Project Path="MsdfAtlasGen/MsdfAtlasGen.csproj" />
  <Project Path="PrimitiveCore/PrimitiveCore.csproj" />
  <Project Path="Renderer/Renderer.csproj" />
  <Project Path="SvgLoader/SvgLoader.csproj" />
  <Project Path="TextCore/TextCore.csproj" />
  <Project Path="Units/Units.csproj" />
  <Project Path="VulkanManager/VulkanManager.csproj" />
</Solution>
